dependencies:
- name: postgresql
  repository: https://charts.bitnami.com/bitnami
  version: 10.9.1
- name: redis
  repository: https://charts.bitnami.com/bitnami
  version: 15.7.5
digest: sha256:9091c7ed4cfa4ba801ccbcd4b32805e6d730ddd0bd49286617c41a67ec25c4cc
generated: "2022-02-04T11:07:20.151189-05:00"
